// !$*UTF8*$!
{
	archiveVersion = 1;
	classes = {
	};
	objectVersion = 46;
	objects = {

/* Begin PBXBuildFile section */
		DCFD2E461DDBEFFE006A90AD /* AppDelegate.swift in Sources */ = {isa = PBXBuildFile; fileRef = DCFD2E451DDBEFFE006A90AD /* AppDelegate.swift */; };
		DCFD2E481DDBEFFE006A90AD /* ViewController.swift in Sources */ = {isa = PBXBuildFile; fileRef = DCFD2E471DDBEFFE006A90AD /* ViewController.swift */; };
		DCFD2E4B1DDBEFFE006A90AD /* Main.storyboard in Resources */ = {isa = PBXBuildFile; fileRef = DCFD2E491DDBEFFE006A90AD /* Main.storyboard */; };
		DCFD2E4D1DDBEFFE006A90AD /* Assets.xcassets in Resources */ = {isa = PBXBuildFile; fileRef = DCFD2E4C1DDBEFFE006A90AD /* Assets.xcassets */; };
		DCFD2E501DDBEFFE006A90AD /* LaunchScreen.storyboard in Resources */ = {isa = PBXBuildFile; fileRef = DCFD2E4E1DDBEFFE006A90AD /* LaunchScreen.storyboard */; };
/* End PBXBuildFile section */

/* Begin PBXFileReference section */
		DCFD2E421DDBEFFE006A90AD /* moxi8.app */ = {isa = PBXFileReference; explicitFileType = wrapper.application; includeInIndex = 0; path = moxi8.app; sourceTree = BUILT_PRODUCTS_DIR; };
		DCFD2E451DDBEFFE006A90AD /* AppDelegate.swift */ = {isa = PBXFileReference; lastKnownFileType = sourcecode.swift; path = AppDelegate.swift; sourceTree = "<group>"; };
		DCFD2E471DDBEFFE006A90AD /* ViewController.swift */ = {isa = PBXFileReference; lastKnownFileType = sourcecode.swift; path = ViewController.swift; sourceTree = "<group>"; };
		DCFD2E4A1DDBEFFE006A90AD /* Base */ = {isa = PBXFileReference; lastKnownFileType = file.storyboard; name = Base; path = Base.lproj/Main.storyboard; sourceTree = "<group>"; };
		DCFD2E4C1DDBEFFE006A90AD /* Assets.xcassets */ = {isa = PBXFileReference; lastKnownFileType = folder.assetcatalog; path = Assets.xcassets; sourceTree = "<group>"; };
		DCFD2E4F1DDBEFFE006A90AD /* Base */ = {isa = PBXFileReference; lastKnownFileType = file.storyboard; name = Base; path = Base.lproj/LaunchScreen.storyboard; sourceTree = "<group>"; };
		DCFD2E511DDBEFFE006A90AD /* Info.plist */ = {isa = PBXFileReference; lastKnownFileType = text.plist.xml; path = Info.plist; sourceTree = "<group>"; };
/* End PBXFileReference section */

/* Begin PBXFrameworksBuildPhase section */
		DCFD2E3F1DDBEFFE006A90AD /* Frameworks */ = {
			isa = PBXFrameworksBuildPhase;
			buildActionMask = 2147483647;
			files = (
			);
			runOnlyForDeploymentPostprocessing = 0;
		};
/* End PBXFrameworksBuildPhase section */

/* Begin PBXGroup section */
		DCFD2E391DDBEFFE006A90AD = {
			isa = PBXGroup;
			children = (
				DCFD2E441DDBEFFE006A90AD /* moxi8 */,
				DCFD2E431DDBEFFE006A90AD /* Products */,
			);
			sourceTree = "<group>";
		};
		DCFD2E431DDBEFFE006A90AD /* Products */ = {
			isa = PBXGroup;
			children = (
				DCFD2E421DDBEFFE006A90AD /* moxi8.app */,
			);
			name = Products;
			sourceTree = "<group>";
		};
		DCFD2E441DDBEFFE006A90AD /* moxi8 */ = {
			isa = PBXGroup;
			children = (
				DCFD2E451DDBEFFE006A90AD /* AppDelegate.swift */,
				DCFD2E471DDBEFFE006A90AD /* ViewController.swift */,
				DCFD2E491DDBEFFE006A90AD /* Main.storyboard */,
				DCFD2E4C1DDBEFFE006A90AD /* Assets.xcassets */,
				DCFD2E4E1DDBEFFE006A90AD /* LaunchScreen.storyboard */,
				DCFD2E511DDBEFFE006A90AD /* Info.plist */,
			);
			path = moxi8;
			sourceTree = "<group>";
		};
/* End PBXGroup section */

/* Begin PBXNativeTarget section */
		DCFD2E411DDBEFFE006A90AD /* moxi8 */ = {
			isa = PBXNativeTarget;
			buildConfigurationList = DCFD2E541DDBEFFE006A90AD /* Build configuration list for PBXNativeTarget "moxi8" */;
			buildPhases = (
				DCFD2E3E1DDBEFFE006A90AD /* Sources */,
				DCFD2E3F1DDBEFFE006A90AD /* Frameworks */,
				DCFD2E401DDBEFFE006A90AD /* Resources */,
			);
			buildRules = (
			);
			dependencies = (
			);
			name = moxi8;
			productName = moxi8;
			productReference = DCFD2E421DDBEFFE006A90AD /* moxi8.app */;
			productType = "com.apple.product-type.application";
		};
/* End PBXNativeTarget section */

/* Begin PBXProject section */
		DCFD2E3A1DDBEFFE006A90AD /* Project object */ = {
			isa = PBXProject;
			attributes = {
				LastSwiftUpdateCheck = 0800;
				LastUpgradeCheck = 0800;
				ORGANIZATIONNAME = "Philip Wing";
				TargetAttributes = {
					DCFD2E411DDBEFFE006A90AD = {
						CreatedOnToolsVersion = 8.0;
						ProvisioningStyle = Automatic;
					};
				};
			};
			buildConfigurationList = DCFD2E3D1DDBEFFE006A90AD /* Build configuration list for PBXProject "moxi8" */;
			compatibilityVersion = "Xcode 3.2";
			developmentRegion = English;
			hasScannedForEncodings = 0;
			knownRegions = (
				en,
				Base,
			);
			mainGroup = DCFD2E391DDBEFFE006A90AD;
			productRefGroup = DCFD2E431DDBEFFE006A90AD /* Products */;
			projectDirPath = "";
			projectRoot = "";
			targets = (
				DCFD2E411DDBEFFE006A90AD /* moxi8 */,
			);
		};
/* End PBXProject section */

/* Begin PBXResourcesBuildPhase section */
		DCFD2E401DDBEFFE006A90AD /* Resources */ = {
			isa = PBXResourcesBuildPhase;
			buildActionMask = 2147483647;
			files = (
				DCFD2E501DDBEFFE006A90AD /* LaunchScreen.storyboard in Resources */,
				DCFD2E4D1DDBEFFE006A90AD /* Assets.xcassets in Resources */,
				DCFD2E4B1DDBEFFE006A90AD /* Main.storyboard in Resources */,
			);
			runOnlyForDeploymentPostprocessing = 0;
		};
/* End PBXResourcesBuildPhase section */

/* Begin PBXSourcesBuildPhase section */
		DCFD2E3E1DDBEFFE006A90AD /* Sources */ = {
			isa = PBXSourcesBuildPhase;
			buildActionMask = 2147483647;
			files = (
				DCFD2E481DDBEFFE006A90AD /* ViewController.swift in Sources */,
				DCFD2E461DDBEFFE006A90AD /* AppDelegate.swift in Sources */,
			);
			runOnlyForDeploymentPostprocessing = 0;
		};
/* End PBXSourcesBuildPhase section */

/* Begin PBXVariantGroup section */
		DCFD2E491DDBEFFE006A90AD /* Main.storyboard */ = {
			isa = PBXVariantGroup;
			children = (
				DCFD2E4A1DDBEFFE006A90AD /* Base */,
			);
			name = Main.storyboard;
			sourceTree = "<group>";
		};
		DCFD2E4E1DDBEFFE006A90AD /* LaunchScreen.storyboard */ = {
			isa = PBXVariantGroup;
			children = (
				DCFD2E4F1DDBEFFE006A90AD /* Base */,
			);
			name = LaunchScreen.storyboard;
			sourceTree = "<group>";
		};
/* End PBXVariantGroup section */

/* Begin XCBuildConfiguration section */
		DCFD2E521DDBEFFE006A90AD /* Debug */ = {
			isa = XCBuildConfiguration;
			buildSettings = {
				ALWAYS_SEARCH_USER_PATHS = NO;
				CLANG_ANALYZER_NONNULL = YES;
				CLANG_CXX_LANGUAGE_STANDARD = "gnu++0x";
				CLANG_CXX_LIBRARY = "libc++";
				CLANG_ENABLE_MODULES = YES;
				CLANG_ENABLE_OBJC_ARC = YES;
				CLANG_WARN_BOOL_CONVERSION = YES;
				CLANG_WARN_CONSTANT_CONVERSION = YES;
				CLANG_WARN_DIRECT_OBJC_ISA_USAGE = YES_ERROR;
				CLANG_WARN_DOCUMENTATION_COMMENTS = YES;
				CLANG_WARN_EMPTY_BODY = YES;
				CLANG_WARN_ENUM_CONVERSION = YES;
				CLANG_WARN_INFINITE_RECURSION = YES;
				CLANG_WARN_INT_CONVERSION = YES;
				CLANG_WARN_OBJC_ROOT_CLASS = YES_ERROR;
				CLANG_WARN_SUSPICIOUS_MOVES = YES;
				CLANG_WARN_UNREACHABLE_CODE = YES;
				CLANG_WARN__DUPLICATE_METHOD_MATCH = YES;
				"CODE_SIGN_IDENTITY[sdk=iphoneos*]" = "iPhone Developer";
				COPY_PHASE_STRIP = NO;
				DEBUG_INFORMATION_FORMAT = dwarf;
				ENABLE_STRICT_OBJC_MSGSEND = YES;
				ENABLE_TESTABILITY = YES;
				GCC_C_LANGUAGE_STANDARD = gnu99;
				GCC_DYNAMIC_NO_PIC = NO;
				GCC_NO_COMMON_BLOCKS = YES;
				GCC_OPTIMIZATION_LEVEL = 0;
				GCC_PREPROCESSOR_DEFINITIONS = (
					"DEBUG=1",
					"$(inherited)",
				);
				GCC_WARN_64_TO_32_BIT_CONVERSION = YES;
				GCC_WARN_ABOUT_RETURN_TYPE = YES_ERROR;
				GCC_WARN_UNDECLARED_SELECTOR = YES;
				GCC_WARN_UNINITIALIZED_AUTOS = YES_AGGRESSIVE;
				GCC_WARN_UNUSED_FUNCTION = YES;
				GCC_WARN_UNUSED_VARIABLE = YES;
				IPHONEOS_DEPLOYMENT_TARGET = 10.0;
				MTL_ENABLE_DEBUG_INFO = YES;
				ONLY_ACTIVE_ARCH = YES;
				SDKROOT = iphoneos;
				SWIFT_ACTIVE_COMPILATION_CONDITIONS = DEBUG;
				SWIFT_OPTIMIZATION_LEVEL = "-Onone";
			};
			name = Debug;
		};
		DCFD2E531DDBEFFE006A90AD /* Release */ = {
			isa = XCBuildConfiguration;
			buildSettings = {
				ALWAYS_SEARCH_USER_PATHS = NO;
				CLANG_ANALYZER_NONNULL = YES;
				CLANG_CXX_LANGUAGE_STANDARD = "gnu++0x";
				CLANG_CXX_LIBRARY = "libc++";
				CLANG_ENABLE_MODULES = YES;
				CLANG_ENABLE_OBJC_ARC = YES;
				CLANG_WARN_BOOL_CONVERSION = YES;
				CLANG_WARN_CONSTANT_CONVERSION = YES;
				CLANG_WARN_DIRECT_OBJC_ISA_USAGE = YES_ERROR;
				CLANG_WARN_DOCUMENTATION_COMMENTS = YES;
				CLANG_WARN_EMPTY_BODY = YES;
				CLANG_WARN_ENUM_CONVERSION = YES;
				CLANG_WARN_INFINITE_RECURSION = YES;
				CLANG_WARN_INT_CONVERSION = YES;
				CLANG_WARN_OBJC_ROOT_CLASS = YES_ERROR;
				CLANG_WARN_SUSPICIOUS_MOVES = YES;
				CLANG_WARN_UNREACHABLE_CODE = YES;
				CLANG_WARN__DUPLICATE_METHOD_MATCH = YES;
				"CODE_SIGN_IDENTITY[sdk=iphoneos*]" = "iPhone Developer";
				COPY_PHASE_STRIP = NO;
				DEBUG_INFORMATION_FORMAT = "dwarf-with-dsym";
				ENABLE_NS_ASSERTIONS = NO;
				ENABLE_STRICT_OBJC_MSGSEND = YES;
				GCC_C_LANGUAGE_STANDARD = gnu99;
				GCC_NO_COMMON_BLOCKS = YES;
				GCC_WARN_64_TO_32_BIT_CONVERSION = YES;
				GCC_WARN_ABOUT_RETURN_TYPE = YES_ERROR;
				GCC_WARN_UNDECLARED_SELECTOR = YES;
				GCC_WARN_UNINITIALIZED_AUTOS = YES_AGGRESSIVE;
				GCC_WARN_UNUSED_FUNCTION = YES;
				GCC_WARN_UNUSED_VARIABLE = YES;
				IPHONEOS_DEPLOYMENT_TARGET = 10.0;
				MTL_ENABLE_DEBUG_INFO = NO;
				SDKROOT = iphoneos;
				SWIFT_OPTIMIZATION_LEVEL = "-Owholemodule";
				VALIDATE_PRODUCT = YES;
			};
			name = Release;
		};
		DCFD2E551DDBEFFE006A90AD /* Debug */ = {
			isa = XCBuildConfiguration;
			buildSettings = {
				ASSETCATALOG_COMPILER_APPICON_NAME = AppIcon;
				INFOPLIST_FILE = moxi8/Info.plist;
				LD_RUNPATH_SEARCH_PATHS = "$(inherited) @executable_path/Frameworks";
				PRODUCT_BUNDLE_IDENTIFIER = com.Moxtra.moxi8;
				PRODUCT_NAME = "$(TARGET_NAME)";
				SWIFT_VERSION = 3.0;
			};
			name = Debug;
		};
		DCFD2E561DDBEFFE006A90AD /* Release */ = {
			isa = XCBuildConfiguration;
			buildSettings = {
				ASSETCATALOG_COMPILER_APPICON_NAME = AppIcon;
				INFOPLIST_FILE = moxi8/Info.plist;
				LD_RUNPATH_SEARCH_PATHS = "$(inherited) @executable_path/Frameworks";
				PRODUCT_BUNDLE_IDENTIFIER = com.Moxtra.moxi8;
				PRODUCT_NAME = "$(TARGET_NAME)";
				SWIFT_VERSION = 3.0;
			};
			name = Release;
		};
/* End XCBuildConfiguration section */

/* Begin XCConfigurationList section */
		DCFD2E3D1DDBEFFE006A90AD /* Build configuration list for PBXProject "moxi8" */ = {
			isa = XCConfigurationList;
			buildConfigurations = (
				DCFD2E521DDBEFFE006A90AD /* Debug */,
				DCFD2E531DDBEFFE006A90AD /* Release */,
			);
			defaultConfigurationIsVisible = 0;
			defaultConfigurationName = Release;
		};
		DCFD2E541DDBEFFE006A90AD /* Build configuration list for PBXNativeTarget "moxi8" */ = {
			isa = XCConfigurationList;
			buildConfigurations = (
				DCFD2E551DDBEFFE006A90AD /* Debug */,
				DCFD2E561DDBEFFE006A90AD /* Release */,
			);
			defaultConfigurationIsVisible = 0;
		};
/* End XCConfigurationList section */
	};
	rootObject = DCFD2E3A1DDBEFFE006A90AD /* Project object */;
}
